{
  "name": "omniroute-session-sync",
  "version": "2.0.0",
  "lockfileVersion": 3,
  "requires": true,
  "packages": {
    "": {
      "name": "omniroute-session-sync",
      "version": "2.0.0",
      "workspaces": [
        "bridge"
      ],
      "engines": {
        "node": ">=24.0.0 <27"
      }
    },
    "bridge": {
      "name": "omniroute-cookie-bridge",
      "version": "2.0.0",
      "engines": {
        "node": ">=24.0.0 <27"
      }
    },
    "node_modules/omniroute-cookie-bridge": {
      "resolved": "bridge",
      "link": true
    }
  }
}
